Microsoft Visual Studio Solution File, Format Version 12.00
# Visual Studio Version 16
VisualStudioVersion = 16.0.0.0
MinimumVisualStudioVersion = 16.0.0.0
Project("{9A19103F-16F7-4668-BE54-9A1E7A4F7556}") = "blazorwasm.Server", "Server\blazorwasm.Server.csproj", "{74457ED8-AE5D-4D6C-AAAB-5761FDDFC172}"
EndProject
Project("{9A19103F-16F7-4668-BE54-9A1E7A4F7556}") = "blazorwasm.Client", "Client\blazorwasm.Client.csproj", "{36CD4BD6-3987-4264-97C2-93B86CCFB42F}"
EndProject
Project("{9A19103F-16F7-4668-BE54-9A1E7A4F7556}") = "blazorwasm.Shared", "Shared\blazorwasm.Shared.csproj", "{FC1E945A-D0C6-4A6D-B566-BCA2FBA80AC0}"
EndProject
Global
	GlobalSection(SolutionConfigurationPlatforms) = preSolution
		Debug|Any CPU = Debug|Any CPU
		Debug|x64 = Debug|x64
		Debug|x86 = Debug|x86
		Release|Any CPU = Release|Any CPU
		Release|x64 = Release|x64
		Release|x86 = Release|x86
	EndGlobalSection
	GlobalSection(ProjectConfigurationPlatforms) = postSolution
		{36CD4BD6-3987-4264-97C2-93B86CCFB42F}.Debug|Any CPU.ActiveCfg = Debug|Any CPU
		{36CD4BD6-3987-4264-97C2-93B86CCFB42F}.Debug|Any CPU.Build.0 = Debug|Any CPU
		{36CD4BD6-3987-4264-97C2-93B86CCFB42F}.Debug|x64.ActiveCfg = Debug|Any CPU
		{36CD4BD6-3987-4264-97C2-93B86CCFB42F}.Debug|x64.Build.0 = Debug|Any CPU
		{36CD4BD6-3987-4264-97C2-93B86CCFB42F}.Debug|x86.ActiveCfg = Debug|Any CPU
		{36CD4BD6-3987-4264-97C2-93B86CCFB42F}.Debug|x86.Build.0 = Debug|Any CPU
		{36CD4BD6-3987-4264-97C2-93B86CCFB42F}.Release|Any CPU.ActiveCfg = Release|Any CPU
		{36CD4BD6-3987-4264-97C2-93B86CCFB42F}.Release|Any CPU.Build.0 = Release|Any CPU
		{36CD4BD6-3987-4264-97C2-93B86CCFB42F}.Release|x64.ActiveCfg = Release|Any CPU
		{36CD4BD6-3987-4264-97C2-93B86CCFB42F}.Release|x64.Build.0 = Release|Any CPU
		{36CD4BD6-3987-4264-97C2-93B86CCFB42F}.Release|x86.ActiveCfg = Release|Any CPU
		{36CD4BD6-3987-4264-97C2-93B86CCFB42F}.Release|x86.Build.0 = Release|Any CPU
		{74457ED8-AE5D-4D6C-AAAB-5761FDDFC172}.Debug|Any CPU.ActiveCfg = Debug|Any CPU
		{74457ED8-AE5D-4D6C-AAAB-5761FDDFC172}.Debug|Any CPU.Build.0 = Debug|Any CPU
		{74457ED8-AE5D-4D6C-AAAB-5761FDDFC172}.Debug|x64.ActiveCfg = Debug|Any CPU
		{74457ED8-AE5D-4D6C-AAAB-5761FDDFC172}.Debug|x64.Build.0 = Debug|Any CPU
		{74457ED8-AE5D-4D6C-AAAB-5761FDDFC172}.Debug|x86.ActiveCfg = Debug|Any CPU
		{74457ED8-AE5D-4D6C-AAAB-5761FDDFC172}.Debug|x86.Build.0 = Debug|Any CPU
		{74457ED8-AE5D-4D6C-AAAB-5761FDDFC172}.Release|Any CPU.ActiveCfg = Release|Any CPU
		{74457ED8-AE5D-4D6C-AAAB-5761FDDFC172}.Release|Any CPU.Build.0 = Release|Any CPU
		{74457ED8-AE5D-4D6C-AAAB-5761FDDFC172}.Release|x64.ActiveCfg = Release|Any CPU
		{74457ED8-AE5D-4D6C-AAAB-5761FDDFC172}.Release|x64.Build.0 = Release|Any CPU
		{74457ED8-AE5D-4D6C-AAAB-5761FDDFC172}.Release|x86.ActiveCfg = Release|Any CPU
		{74457ED8-AE5D-4D6C-AAAB-5761FDDFC172}.Release|x86.Build.0 = Release|Any CPU
		{FC1E945A-D0C6-4A6D-B566-BCA2FBA80AC0}.Debug|Any CPU.ActiveCfg = Debug|Any CPU
		{FC1E945A-D0C6-4A6D-B566-BCA2FBA80AC0}.Debug|Any CPU.Build.0 = Debug|Any CPU
		{FC1E945A-D0C6-4A6D-B566-BCA2FBA80AC0}.Debug|x64.ActiveCfg = Debug|Any CPU
		{FC1E945A-D0C6-4A6D-B566-BCA2FBA80AC0}.Debug|x64.Build.0 = Debug|Any CPU
		{FC1E945A-D0C6-4A6D-B566-BCA2FBA80AC0}.Debug|x86.ActiveCfg = Debug|Any CPU
		{FC1E945A-D0C6-4A6D-B566-BCA2FBA80AC0}.Debug|x86.Build.0 = Debug|Any CPU
		{FC1E945A-D0C6-4A6D-B566-BCA2FBA80AC0}.Release|Any CPU.ActiveCfg = Release|Any CPU
		{FC1E945A-D0C6-4A6D-B566-BCA2FBA80AC0}.Release|Any CPU.Build.0 = Release|Any CPU
		{FC1E945A-D0C6-4A6D-B566-BCA2FBA80AC0}.Release|x64.ActiveCfg = Release|Any CPU
		{FC1E945A-D0C6-4A6D-B566-BCA2FBA80AC0}.Release|x64.Build.0 = Release|Any CPU
		{FC1E945A-D0C6-4A6D-B566-BCA2FBA80AC0}.Release|x86.ActiveCfg = Release|Any CPU
		{FC1E945A-D0C6-4A6D-B566-BCA2FBA80AC0}.Release|x86.Build.0 = Release|Any CPU
	EndGlobalSection
	GlobalSection(SolutionProperties) = preSolution
		HideSolutionNode = FALSE
	EndGlobalSection
	GlobalSection(ExtensibilityGlobals) = postSolution
		SolutionGuid = {3B7E9141-0867-41C1-8888-E120609A7740}
	EndGlobalSection
EndGlobal